// !$*UTF8*$!
{
	archiveVersion = 1;
	classes = {
	};
	objectVersion = 50;
	objects = {

/* Begin PBXBuildFile section */
		A272C847264EE2BB007F1232 /* AppDelegate.swift in Sources */ = {isa = PBXBuildFile; fileRef = A272C846264EE2BB007F1232 /* AppDelegate.swift */; };
		A272C849264EE2BB007F1232 /* SceneDelegate.swift in Sources */ = {isa = PBXBuildFile; fileRef = A272C848264EE2BB007F1232 /* SceneDelegate.swift */; };
		A272C84B264EE2BB007F1232 /* ViewController.swift in Sources */ = {isa = PBXBuildFile; fileRef = A272C84A264EE2BB007F1232 /* ViewController.swift */; };
		A272C84E264EE2BB007F1232 /* Main.storyboard in Resources */ = {isa = PBXBuildFile; fileRef = A272C84C264EE2BB007F1232 /* Main.storyboard */; };
		A272C850264EE2BC007F1232 /* Assets.xcassets in Resources */ = {isa = PBXBuildFile; fileRef = A272C84F264EE2BC007F1232 /* Assets.xcassets */; };
		A272C853264EE2BC007F1232 /* LaunchScreen.storyboard in Resources */ = {isa = PBXBuildFile; fileRef = A272C851264EE2BC007F1232 /* LaunchScreen.storyboard */; };
		A272C860264EE38C007F1232 /* ViewController+alertController.swift in Sources */ = {isa = PBXBuildFile; fileRef = A272C85F264EE38C007F1232 /* ViewController+alertController.swift */; };
/* End PBXBuildFile section */

/* Begin PBXFileReference section */
		A272C843264EE2BB007F1232 /* WeatherApp.app */ = {isa = PBXFileReference; explicitFileType = wrapper.application; includeInIndex = 0; path = WeatherApp.app; sourceTree = BUILT_PRODUCTS_DIR; };
		A272C846264EE2BB007F1232 /* AppDelegate.swift */ = {isa = PBXFileReference; lastKnownFileType = sourcecode.swift; path = AppDelegate.swift; sourceTree = "<group>"; };
		A272C848264EE2BB007F1232 /* SceneDelegate.swift */ = {isa = PBXFileReference; lastKnownFileType = sourcecode.swift; path = SceneDelegate.swift; sourceTree = "<group>"; };
		A272C84A264EE2BB007F1232 /* ViewController.swift */ = {isa = PBXFileReference; lastKnownFileType = sourcecode.swift; path = ViewController.swift; sourceTree = "<group>"; };
		A272C84D264EE2BB007F1232 /* Base */ = {isa = PBXFileReference; lastKnownFileType = file.storyboard; name = Base; path = Base.lproj/Main.storyboard; sourceTree = "<group>"; };
		A272C84F264EE2BC007F1232 /* Assets.xcassets */ = {isa = PBXFileReference; lastKnownFileType = folder.assetcatalog; path = Assets.xcassets; sourceTree = "<group>"; };
		A272C852264EE2BC007F1232 /* Base */ = {isa = PBXFileReference; lastKnownFileType = file.storyboard; name = Base; path = Base.lproj/LaunchScreen.storyboard; sourceTree = "<group>"; };
		A272C854264EE2BC007F1232 /* Info.plist */ = {isa = PBXFileReference; lastKnownFileType = text.plist.xml; path = Info.plist; sourceTree = "<group>"; };
		A272C85F264EE38C007F1232 /* ViewController+alertController.swift */ = {isa = PBXFileReference; lastKnownFileType = sourcecode.swift; path = "ViewController+alertController.swift"; sourceTree = "<group>"; };
/* End PBXFileReference section */

/* Begin PBXFrameworksBuildPhase section */
		A272C840264EE2BB007F1232 /* Frameworks */ = {
			isa = PBXFrameworksBuildPhase;
			buildActionMask = 2147483647;
			files = (
			);
			runOnlyForDeploymentPostprocessing = 0;
		};
/* End PBXFrameworksBuildPhase section */

/* Begin PBXGroup section */
		A272C83A264EE2BB007F1232 = {
			isa = PBXGroup;
			children = (
				A272C845264EE2BB007F1232 /* WeatherApp */,
				A272C844264EE2BB007F1232 /* Products */,
			);
			sourceTree = "<group>";
		};
		A272C844264EE2BB007F1232 /* Products */ = {
			isa = PBXGroup;
			children = (
				A272C843264EE2BB007F1232 /* WeatherApp.app */,
			);
			name = Products;
			sourceTree = "<group>";
		};
		A272C845264EE2BB007F1232 /* WeatherApp */ = {
			isa = PBXGroup;
			children = (
				A272C85A264EE2E7007F1232 /* Models */,
				A272C85C264EE2FB007F1232 /* Views */,
				A272C85B264EE2F3007F1232 /* View Controllers */,
				A272C85E264EE353007F1232 /* Extensions */,
				A272C85D264EE32C007F1232 /* Supporting Files */,
			);
			path = WeatherApp;
			sourceTree = "<group>";
		};
		A272C85A264EE2E7007F1232 /* Models */ = {
			isa = PBXGroup;
			children = (
			);
			path = Models;
			sourceTree = "<group>";
		};
		A272C85B264EE2F3007F1232 /* View Controllers */ = {
			isa = PBXGroup;
			children = (
				A272C84A264EE2BB007F1232 /* ViewController.swift */,
			);
			path = "View Controllers";
			sourceTree = "<group>";
		};
		A272C85C264EE2FB007F1232 /* Views */ = {
			isa = PBXGroup;
			children = (
				A272C84C264EE2BB007F1232 /* Main.storyboard */,
			);
			path = Views;
			sourceTree = "<group>";
		};
		A272C85D264EE32C007F1232 /* Supporting Files */ = {
			isa = PBXGroup;
			children = (
				A272C846264EE2BB007F1232 /* AppDelegate.swift */,
				A272C848264EE2BB007F1232 /* SceneDelegate.swift */,
				A272C84F264EE2BC007F1232 /* Assets.xcassets */,
				A272C851264EE2BC007F1232 /* LaunchScreen.storyboard */,
				A272C854264EE2BC007F1232 /* Info.plist */,
			);
			path = "Supporting Files";
			sourceTree = "<group>";
		};
		A272C85E264EE353007F1232 /* Extensions */ = {
			isa = PBXGroup;
			children = (
				A272C85F264EE38C007F1232 /* ViewController+alertController.swift */,
			);
			path = Extensions;
			sourceTree = "<group>";
		};
/* End PBXGroup section */

/* Begin PBXNativeTarget section */
		A272C842264EE2BB007F1232 /* WeatherApp */ = {
			isa = PBXNativeTarget;
			buildConfigurationList = A272C857264EE2BC007F1232 /* Build configuration list for PBXNativeTarget "WeatherApp" */;
			buildPhases = (
				A272C83F264EE2BB007F1232 /* Sources */,
				A272C840264EE2BB007F1232 /* Frameworks */,
				A272C841264EE2BB007F1232 /* Resources */,
			);
			buildRules = (
			);
			dependencies = (
			);
			name = WeatherApp;
			productName = WeatherApp;
			productReference = A272C843264EE2BB007F1232 /* WeatherApp.app */;
			productType = "com.apple.product-type.application";
		};
/* End PBXNativeTarget section */

/* Begin PBXProject section */
		A272C83B264EE2BB007F1232 /* Project object */ = {
			isa = PBXProject;
			attributes = {
				LastSwiftUpdateCheck = 1250;
				LastUpgradeCheck = 1250;
				TargetAttributes = {
					A272C842264EE2BB007F1232 = {
						CreatedOnToolsVersion = 12.5;
					};
				};
			};
			buildConfigurationList = A272C83E264EE2BB007F1232 /* Build configuration list for PBXProject "WeatherApp" */;
			compatibilityVersion = "Xcode 9.3";
			developmentRegion = en;
			hasScannedForEncodings = 0;
			knownRegions = (
				en,
				Base,
			);
			mainGroup = A272C83A264EE2BB007F1232;
			productRefGroup = A272C844264EE2BB007F1232 /* Products */;
			projectDirPath = "";
			projectRoot = "";
			targets = (
				A272C842264EE2BB007F1232 /* WeatherApp */,
			);
		};
/* End PBXProject section */

/* Begin PBXResourcesBuildPhase section */
		A272C841264EE2BB007F1232 /* Resources */ = {
			isa = PBXResourcesBuildPhase;
			buildActionMask = 2147483647;
			files = (
				A272C853264EE2BC007F1232 /* LaunchScreen.storyboard in Resources */,
				A272C850264EE2BC007F1232 /* Assets.xcassets in Resources */,
				A272C84E264EE2BB007F1232 /* Main.storyboard in Resources */,
			);
			runOnlyForDeploymentPostprocessing = 0;
		};
/* End PBXResourcesBuildPhase section */

/* Begin PBXSourcesBuildPhase section */
		A272C83F264EE2BB007F1232 /* Sources */ = {
			isa = PBXSourcesBuildPhase;
			buildActionMask = 2147483647;
			files = (
				A272C84B264EE2BB007F1232 /* ViewController.swift in Sources */,
				A272C860264EE38C007F1232 /* ViewController+alertController.swift in Sources */,
				A272C847264EE2BB007F1232 /* AppDelegate.swift in Sources */,
				A272C849264EE2BB007F1232 /* SceneDelegate.swift in Sources */,
			);
			runOnlyForDeploymentPostprocessing = 0;
		};
/* End PBXSourcesBuildPhase section */

/* Begin PBXVariantGroup section */
		A272C84C264EE2BB007F1232 /* Main.storyboard */ = {
			isa = PBXVariantGroup;
			children = (
				A272C84D264EE2BB007F1232 /* Base */,
			);
			name = Main.storyboard;
			sourceTree = "<group>";
		};
		A272C851264EE2BC007F1232 /* LaunchScreen.storyboard */ = {
			isa = PBXVariantGroup;
			children = (
				A272C852264EE2BC007F1232 /* Base */,
			);
			name = LaunchScreen.storyboard;
			sourceTree = "<group>";
		};
/* End PBXVariantGroup section */

/* Begin XCBuildConfiguration section */
		A272C855264EE2BC007F1232 /* Debug */ = {
			isa = XCBuildConfiguration;
			buildSettings = {
				ALWAYS_SEARCH_USER_PATHS = NO;
				CLANG_ANALYZER_NONNULL = YES;
				CLANG_ANALYZER_NUMBER_OBJECT_CONVERSION = YES_AGGRESSIVE;
				CLANG_CXX_LANGUAGE_STANDARD = "gnu++14";
				CLANG_CXX_LIBRARY = "libc++";
				CLANG_ENABLE_MODULES = YES;
				CLANG_ENABLE_OBJC_ARC = YES;
				CLANG_ENABLE_OBJC_WEAK = YES;
				CLANG_WARN_BLOCK_CAPTURE_AUTORELEASING = YES;
				CLANG_WARN_BOOL_CONVERSION = YES;
				CLANG_WARN_COMMA = YES;
				CLANG_WARN_CONSTANT_CONVERSION = YES;
				CLANG_WARN_DEPRECATED_OBJC_IMPLEMENTATIONS = YES;
				CLANG_WARN_DIRECT_OBJC_ISA_USAGE = YES_ERROR;
				CLANG_WARN_DOCUMENTATION_COMMENTS = YES;
				CLANG_WARN_EMPTY_BODY = YES;
				CLANG_WARN_ENUM_CONVERSION = YES;
				CLANG_WARN_INFINITE_RECURSION = YES;
				CLANG_WARN_INT_CONVERSION = YES;
				CLANG_WARN_NON_LITERAL_NULL_CONVERSION = YES;
				CLANG_WARN_OBJC_IMPLICIT_RETAIN_SELF = YES;
				CLANG_WARN_OBJC_LITERAL_CONVERSION = YES;
				CLANG_WARN_OBJC_ROOT_CLASS = YES_ERROR;
				CLANG_WARN_QUOTED_INCLUDE_IN_FRAMEWORK_HEADER = YES;
				CLANG_WARN_RANGE_LOOP_ANALYSIS = YES;
				CLANG_WARN_STRICT_PROTOTYPES = YES;
				CLANG_WARN_SUSPICIOUS_MOVE = YES;
				CLANG_WARN_UNGUARDED_AVAILABILITY = YES_AGGRESSIVE;
				CLANG_WARN_UNREACHABLE_CODE = YES;
				CLANG_WARN__DUPLICATE_METHOD_MATCH = YES;
				COPY_PHASE_STRIP = NO;
				DEBUG_INFORMATION_FORMAT = dwarf;
				ENABLE_STRICT_OBJC_MSGSEND = YES;
				ENABLE_TESTABILITY = YES;
				GCC_C_LANGUAGE_STANDARD = gnu11;
				GCC_DYNAMIC_NO_PIC = NO;
				GCC_NO_COMMON_BLOCKS = YES;
				GCC_OPTIMIZATION_LEVEL = 0;
				GCC_PREPROCESSOR_DEFINITIONS = (
					"DEBUG=1",
					"$(inherited)",
				);
				GCC_WARN_64_TO_32_BIT_CONVERSION = YES;
				GCC_WARN_ABOUT_RETURN_TYPE = YES_ERROR;
				GCC_WARN_UNDECLARED_SELECTOR = YES;
				GCC_WARN_UNINITIALIZED_AUTOS = YES_AGGRESSIVE;
				GCC_WARN_UNUSED_FUNCTION = YES;
				GCC_WARN_UNUSED_VARIABLE = YES;
				IPHONEOS_DEPLOYMENT_TARGET = 14.5;
				MTL_ENABLE_DEBUG_INFO = INCLUDE_SOURCE;
				MTL_FAST_MATH = YES;
				ONLY_ACTIVE_ARCH = YES;
				SDKROOT = iphoneos;
				SWIFT_ACTIVE_COMPILATION_CONDITIONS = DEBUG;
				SWIFT_OPTIMIZATION_LEVEL = "-Onone";
			};
			name = Debug;
		};
		A272C856264EE2BC007F1232 /* Release */ = {
			isa = XCBuildConfiguration;
			buildSettings = {
				ALWAYS_SEARCH_USER_PATHS = NO;
				CLANG_ANALYZER_NONNULL = YES;
				CLANG_ANALYZER_NUMBER_OBJECT_CONVERSION = YES_AGGRESSIVE;
				CLANG_CXX_LANGUAGE_STANDARD = "gnu++14";
				CLANG_CXX_LIBRARY = "libc++";
				CLANG_ENABLE_MODULES = YES;
				CLANG_ENABLE_OBJC_ARC = YES;
				CLANG_ENABLE_OBJC_WEAK = YES;
				CLANG_WARN_BLOCK_CAPTURE_AUTORELEASING = YES;
				CLANG_WARN_BOOL_CONVERSION = YES;
				CLANG_WARN_COMMA = YES;
				CLANG_WARN_CONSTANT_CONVERSION = YES;
				CLANG_WARN_DEPRECATED_OBJC_IMPLEMENTATIONS = YES;
				CLANG_WARN_DIRECT_OBJC_ISA_USAGE = YES_ERROR;
				CLANG_WARN_DOCUMENTATION_COMMENTS = YES;
				CLANG_WARN_EMPTY_BODY = YES;
				CLANG_WARN_ENUM_CONVERSION = YES;
				CLANG_WARN_INFINITE_RECURSION = YES;
				CLANG_WARN_INT_CONVERSION = YES;
				CLANG_WARN_NON_LITERAL_NULL_CONVERSION = YES;
				CLANG_WARN_OBJC_IMPLICIT_RETAIN_SELF = YES;
				CLANG_WARN_OBJC_LITERAL_CONVERSION = YES;
				CLANG_WARN_OBJC_ROOT_CLASS = YES_ERROR;
				CLANG_WARN_QUOTED_INCLUDE_IN_FRAMEWORK_HEADER = YES;
				CLANG_WARN_RANGE_LOOP_ANALYSIS = YES;
				CLANG_WARN_STRICT_PROTOTYPES = YES;
				CLANG_WARN_SUSPICIOUS_MOVE = YES;
				CLANG_WARN_UNGUARDED_AVAILABILITY = YES_AGGRESSIVE;
				CLANG_WARN_UNREACHABLE_CODE = YES;
				CLANG_WARN__DUPLICATE_METHOD_MATCH = YES;
				COPY_PHASE_STRIP = NO;
				DEBUG_INFORMATION_FORMAT = "dwarf-with-dsym";
				ENABLE_NS_ASSERTIONS = NO;
				ENABLE_STRICT_OBJC_MSGSEND = YES;
				GCC_C_LANGUAGE_STANDARD = gnu11;
				GCC_NO_COMMON_BLOCKS = YES;
				GCC_WARN_64_TO_32_BIT_CONVERSION = YES;
				GCC_WARN_ABOUT_RETURN_TYPE = YES_ERROR;
				GCC_WARN_UNDECLARED_SELECTOR = YES;
				GCC_WARN_UNINITIALIZED_AUTOS = YES_AGGRESSIVE;
				GCC_WARN_UNUSED_FUNCTION = YES;
				GCC_WARN_UNUSED_VARIABLE = YES;
				IPHONEOS_DEPLOYMENT_TARGET = 14.5;
				MTL_ENABLE_DEBUG_INFO = NO;
				MTL_FAST_MATH = YES;
				SDKROOT = iphoneos;
				SWIFT_COMPILATION_MODE = wholemodule;
				SWIFT_OPTIMIZATION_LEVEL = "-O";
				VALIDATE_PRODUCT = YES;
			};
			name = Release;
		};
		A272C858264EE2BC007F1232 /* Debug */ = {
			isa = XCBuildConfiguration;
			buildSettings = {
				ASSETCATALOG_COMPILER_APPICON_NAME = AppIcon;
				ASSETCATALOG_COMPILER_GLOBAL_ACCENT_COLOR_NAME = AccentColor;
				CODE_SIGN_STYLE = Automatic;
				DEVELOPMENT_TEAM = U3JHK4U826;
				INFOPLIST_FILE = "WeatherApp/Supporting Files/Info.plist";
				LD_RUNPATH_SEARCH_PATHS = (
					"$(inherited)",
					"@executable_path/Frameworks",
				);
				PRODUCT_BUNDLE_IDENTIFIER = YeoCompany.WeatherApp;
				PRODUCT_NAME = "$(TARGET_NAME)";
				SWIFT_VERSION = 5.0;
				TARGETED_DEVICE_FAMILY = "1,2";
			};
			name = Debug;
		};
		A272C859264EE2BC007F1232 /* Release */ = {
			isa = XCBuildConfiguration;
			buildSettings = {
				ASSETCATALOG_COMPILER_APPICON_NAME = AppIcon;
				ASSETCATALOG_COMPILER_GLOBAL_ACCENT_COLOR_NAME = AccentColor;
				CODE_SIGN_STYLE = Automatic;
				DEVELOPMENT_TEAM = U3JHK4U826;
				INFOPLIST_FILE = "WeatherApp/Supporting Files/Info.plist";
				LD_RUNPATH_SEARCH_PATHS = (
					"$(inherited)",
					"@executable_path/Frameworks",
				);
				PRODUCT_BUNDLE_IDENTIFIER = YeoCompany.WeatherApp;
				PRODUCT_NAME = "$(TARGET_NAME)";
				SWIFT_VERSION = 5.0;
				TARGETED_DEVICE_FAMILY = "1,2";
			};
			name = Release;
		};
/* End XCBuildConfiguration section */

/* Begin XCConfigurationList section */
		A272C83E264EE2BB007F1232 /* Build configuration list for PBXProject "WeatherApp" */ = {
			isa = XCConfigurationList;
			buildConfigurations = (
				A272C855264EE2BC007F1232 /* Debug */,
				A272C856264EE2BC007F1232 /* Release */,
			);
			defaultConfigurationIsVisible = 0;
			defaultConfigurationName = Release;
		};
		A272C857264EE2BC007F1232 /* Build configuration list for PBXNativeTarget "WeatherApp" */ = {
			isa = XCConfigurationList;
			buildConfigurations = (
				A272C858264EE2BC007F1232 /* Debug */,
				A272C859264EE2BC007F1232 /* Release */,
			);
			defaultConfigurationIsVisible = 0;
			defaultConfigurationName = Release;
		};
/* End XCConfigurationList section */
	};
	rootObject = A272C83B264EE2BB007F1232 /* Project object */;
}
